// !$*UTF8*$!
{
	archiveVersion = 1;
	classes = {
	};
	objectVersion = 55;
	objects = {

/* Begin PBXBuildFile section */
		171B8BAA2716396900DB0AA3 /* AppleMusicAPI.swift in Sources */ = {isa = PBXBuildFile; fileRef = 171B8BA92716396900DB0AA3 /* AppleMusicAPI.swift */; };
		171B8BAC271639B400DB0AA3 /* SwiftyJSON.swift in Sources */ = {isa = PBXBuildFile; fileRef = 171B8BAB271639B400DB0AA3 /* SwiftyJSON.swift */; };
		173317BB270BEB88007523D7 /* Spotify.swift in Sources */ = {isa = PBXBuildFile; fileRef = 173317BA270BEB88007523D7 /* Spotify.swift */; };
		1756F18E270BC63C00529C0D /* SpotifyAPI in Frameworks */ = {isa = PBXBuildFile; productRef = 1756F18D270BC63C00529C0D /* SpotifyAPI */; };
		177D74CB270E3C8E00A21652 /* Mobile_Web_BG.m4v in Resources */ = {isa = PBXBuildFile; fileRef = 177D74CA270E3B0A00A21652 /* Mobile_Web_BG.m4v */; };
		177D74CE270E63DE00A21652 /* Hypermarket W00 Regular.ttf in Resources */ = {isa = PBXBuildFile; fileRef = 177D74CD270E63DE00A21652 /* Hypermarket W00 Regular.ttf */; };
		177D74D0270E679500A21652 /* spotify.png in Resources */ = {isa = PBXBuildFile; fileRef = 177D74CF270E679500A21652 /* spotify.png */; };
		17A2FBC2270BA2BD00EBB392 /* AppDelegate.swift in Sources */ = {isa = PBXBuildFile; fileRef = 17A2FBC1270BA2BD00EBB392 /* AppDelegate.swift */; };
		17A2FBC4270BA2BD00EBB392 /* SceneDelegate.swift in Sources */ = {isa = PBXBuildFile; fileRef = 17A2FBC3270BA2BD00EBB392 /* SceneDelegate.swift */; };
		17A2FBC6270BA2BD00EBB392 /* ViewController.swift in Sources */ = {isa = PBXBuildFile; fileRef = 17A2FBC5270BA2BD00EBB392 /* ViewController.swift */; };
		17A2FBC9270BA2BD00EBB392 /* Main.storyboard in Resources */ = {isa = PBXBuildFile; fileRef = 17A2FBC7270BA2BD00EBB392 /* Main.storyboard */; };
		17A2FBCB270BA2BF00EBB392 /* Assets.xcassets in Resources */ = {isa = PBXBuildFile; fileRef = 17A2FBCA270BA2BF00EBB392 /* Assets.xcassets */; };
		17A2FBCE270BA2BF00EBB392 /* LaunchScreen.storyboard in Resources */ = {isa = PBXBuildFile; fileRef = 17A2FBCC270BA2BF00EBB392 /* LaunchScreen.storyboard */; };
		17A2FBD7270BA5F200EBB392 /* itunes.png in Resources */ = {isa = PBXBuildFile; fileRef = 17A2FBD6270BA5F200EBB392 /* itunes.png */; };
		DD59230198B507BDB20F7602 /* Pods_PlaySwap.framework in Frameworks */ = {isa = PBXBuildFile; fileRef = 5FB10065EF5BC01412FE25C9 /* Pods_PlaySwap.framework */; };
/* End PBXBuildFile section */

/* Begin PBXFileReference section */
		171B8BA92716396900DB0AA3 /* AppleMusicAPI.swift */ = {isa = PBXFileReference; lastKnownFileType = sourcecode.swift; path = AppleMusicAPI.swift; sourceTree = "<group>"; };
		171B8BAB271639B400DB0AA3 /* SwiftyJSON.swift */ = {isa = PBXFileReference; lastKnownFileType = sourcecode.swift; path = SwiftyJSON.swift; sourceTree = "<group>"; };
		1721427327172EF5001AEFD3 /* PlaySwap.entitlements */ = {isa = PBXFileReference; lastKnownFileType = text.plist.entitlements; path = PlaySwap.entitlements; sourceTree = "<group>"; };
		173317BA270BEB88007523D7 /* Spotify.swift */ = {isa = PBXFileReference; lastKnownFileType = sourcecode.swift; path = Spotify.swift; sourceTree = "<group>"; };
		177D74CA270E3B0A00A21652 /* Mobile_Web_BG.m4v */ = {isa = PBXFileReference; lastKnownFileType = file; path = Mobile_Web_BG.m4v; sourceTree = "<group>"; };
		177D74CD270E63DE00A21652 /* Hypermarket W00 Regular.ttf */ = {isa = PBXFileReference; lastKnownFileType = file; path = "Hypermarket W00 Regular.ttf"; sourceTree = "<group>"; };
		177D74CF270E679500A21652 /* spotify.png */ = {isa = PBXFileReference; lastKnownFileType = image.png; path = spotify.png; sourceTree = "<group>"; };
		17A2FBBE270BA2BD00EBB392 /* PlaySwap.app */ = {isa = PBXFileReference; explicitFileType = wrapper.application; includeInIndex = 0; path = PlaySwap.app; sourceTree = BUILT_PRODUCTS_DIR; };
		17A2FBC1270BA2BD00EBB392 /* AppDelegate.swift */ = {isa = PBXFileReference; lastKnownFileType = sourcecode.swift; path = AppDelegate.swift; sourceTree = "<group>"; };
		17A2FBC3270BA2BD00EBB392 /* SceneDelegate.swift */ = {isa = PBXFileReference; lastKnownFileType = sourcecode.swift; path = SceneDelegate.swift; sourceTree = "<group>"; };
		17A2FBC5270BA2BD00EBB392 /* ViewController.swift */ = {isa = PBXFileReference; lastKnownFileType = sourcecode.swift; path = ViewController.swift; sourceTree = "<group>"; };
		17A2FBC8270BA2BD00EBB392 /* Base */ = {isa = PBXFileReference; lastKnownFileType = file.storyboard; name = Base; path = Base.lproj/Main.storyboard; sourceTree = "<group>"; };
		17A2FBCA270BA2BF00EBB392 /* Assets.xcassets */ = {isa = PBXFileReference; lastKnownFileType = folder.assetcatalog; path = Assets.xcassets; sourceTree = "<group>"; };
		17A2FBCD270BA2BF00EBB392 /* Base */ = {isa = PBXFileReference; lastKnownFileType = file.storyboard; name = Base; path = Base.lproj/LaunchScreen.storyboard; sourceTree = "<group>"; };
		17A2FBCF270BA2BF00EBB392 /* Info.plist */ = {isa = PBXFileReference; lastKnownFileType = text.plist.xml; path = Info.plist; sourceTree = "<group>"; };
		17A2FBD6270BA5F200EBB392 /* itunes.png */ = {isa = PBXFileReference; lastKnownFileType = image.png; path = itunes.png; sourceTree = "<group>"; };
		5FB10065EF5BC01412FE25C9 /* Pods_PlaySwap.framework */ = {isa = PBXFileReference; explicitFileType = wrapper.framework; includeInIndex = 0; path = Pods_PlaySwap.framework; sourceTree = BUILT_PRODUCTS_DIR; };
		71D249A4AB4466BC0704AD1D /* Pods-PlaySwap.debug.xcconfig */ = {isa = PBXFileReference; includeInIndex = 1; lastKnownFileType = text.xcconfig; name = "Pods-PlaySwap.debug.xcconfig"; path = "Target Support Files/Pods-PlaySwap/Pods-PlaySwap.debug.xcconfig"; sourceTree = "<group>"; };
		C7C2D12D98C7B7938B84FAC5 /* Pods-PlaySwap.release.xcconfig */ = {isa = PBXFileReference; includeInIndex = 1; lastKnownFileType = text.xcconfig; name = "Pods-PlaySwap.release.xcconfig"; path = "Target Support Files/Pods-PlaySwap/Pods-PlaySwap.release.xcconfig"; sourceTree = "<group>"; };
/* End PBXFileReference section */

/* Begin PBXFrameworksBuildPhase section */
		17A2FBBB270BA2BD00EBB392 /* Frameworks */ = {
			isa = PBXFrameworksBuildPhase;
			buildActionMask = 2147483647;
			files = (
				1756F18E270BC63C00529C0D /* SpotifyAPI in Frameworks */,
				DD59230198B507BDB20F7602 /* Pods_PlaySwap.framework in Frameworks */,
			);
			runOnlyForDeploymentPostprocessing = 0;
		};
/* End PBXFrameworksBuildPhase section */

/* Begin PBXGroup section */
		173317B9270BEB7E007523D7 /* Extensions */ = {
			isa = PBXGroup;
			children = (
				173317BA270BEB88007523D7 /* Spotify.swift */,
				171B8BA92716396900DB0AA3 /* AppleMusicAPI.swift */,
				171B8BAB271639B400DB0AA3 /* SwiftyJSON.swift */,
			);
			path = Extensions;
			sourceTree = "<group>";
		};
		1756EE5C270BBE8700529C0D /* ViewControllers */ = {
			isa = PBXGroup;
			children = (
				17A2FBC5270BA2BD00EBB392 /* ViewController.swift */,
			);
			path = ViewControllers;
			sourceTree = "<group>";
		};
		177D74C9270E3AEA00A21652 /* UI */ = {
			isa = PBXGroup;
			children = (
				17A2FBC1270BA2BD00EBB392 /* AppDelegate.swift */,
				17A2FBC3270BA2BD00EBB392 /* SceneDelegate.swift */,
			);
			path = UI;
			sourceTree = "<group>";
		};
		177D74CC270E63D400A21652 /* fonts */ = {
			isa = PBXGroup;
			children = (
				177D74CD270E63DE00A21652 /* Hypermarket W00 Regular.ttf */,
			);
			path = fonts;
			sourceTree = "<group>";
		};
		17A2FBB5270BA2BD00EBB392 = {
			isa = PBXGroup;
			children = (
				177D74CC270E63D400A21652 /* fonts */,
				17A2FBD5270BA5E800EBB392 /* Resources */,
				17A2FBC0270BA2BD00EBB392 /* PlaySwap */,
				17A2FBBF270BA2BD00EBB392 /* Products */,
				74A6C31B2A539A1E1BF99DBF /* Pods */,
				D0B0D6B33E0EF7BADC257057 /* Frameworks */,
			);
			sourceTree = "<group>";
		};
		17A2FBBF270BA2BD00EBB392 /* Products */ = {
			isa = PBXGroup;
			children = (
				17A2FBBE270BA2BD00EBB392 /* PlaySwap.app */,
			);
			name = Products;
			sourceTree = "<group>";
		};
		17A2FBC0270BA2BD00EBB392 /* PlaySwap */ = {
			isa = PBXGroup;
			children = (
				1721427327172EF5001AEFD3 /* PlaySwap.entitlements */,
				177D74C9270E3AEA00A21652 /* UI */,
				173317B9270BEB7E007523D7 /* Extensions */,
				1756EE5C270BBE8700529C0D /* ViewControllers */,
				17A2FBC7270BA2BD00EBB392 /* Main.storyboard */,
				17A2FBCA270BA2BF00EBB392 /* Assets.xcassets */,
				17A2FBCC270BA2BF00EBB392 /* LaunchScreen.storyboard */,
				17A2FBCF270BA2BF00EBB392 /* Info.plist */,
			);
			path = PlaySwap;
			sourceTree = "<group>";
		};
		17A2FBD5270BA5E800EBB392 /* Resources */ = {
			isa = PBXGroup;
			children = (
				177D74CA270E3B0A00A21652 /* Mobile_Web_BG.m4v */,
				17A2FBD6270BA5F200EBB392 /* itunes.png */,
				177D74CF270E679500A21652 /* spotify.png */,
			);
			path = Resources;
			sourceTree = "<group>";
		};
		74A6C31B2A539A1E1BF99DBF /* Pods */ = {
			isa = PBXGroup;
			children = (
				71D249A4AB4466BC0704AD1D /* Pods-PlaySwap.debug.xcconfig */,
				C7C2D12D98C7B7938B84FAC5 /* Pods-PlaySwap.release.xcconfig */,
			);
			path = Pods;
			sourceTree = "<group>";
		};
		D0B0D6B33E0EF7BADC257057 /* Frameworks */ = {
			isa = PBXGroup;
			children = (
				5FB10065EF5BC01412FE25C9 /* Pods_PlaySwap.framework */,
			);
			name = Frameworks;
			sourceTree = "<group>";
		};
/* End PBXGroup section */

/* Begin PBXNativeTarget section */
		17A2FBBD270BA2BD00EBB392 /* PlaySwap */ = {
			isa = PBXNativeTarget;
			buildConfigurationList = 17A2FBD2270BA2BF00EBB392 /* Build configuration list for PBXNativeTarget "PlaySwap" */;
			buildPhases = (
				ED48568FED86CDBBFE3D7B16 /* [CP] Check Pods Manifest.lock */,
				17A2FBBA270BA2BD00EBB392 /* Sources */,
				17A2FBBB270BA2BD00EBB392 /* Frameworks */,
				17A2FBBC270BA2BD00EBB392 /* Resources */,
				78269353388AD21099103399 /* [CP] Embed Pods Frameworks */,
			);
			buildRules = (
			);
			dependencies = (
			);
			name = PlaySwap;
			packageProductDependencies = (
				1756F18D270BC63C00529C0D /* SpotifyAPI */,
			);
			productName = PlaySwap;
			productReference = 17A2FBBE270BA2BD00EBB392 /* PlaySwap.app */;
			productType = "com.apple.product-type.application";
		};
/* End PBXNativeTarget section */

/* Begin PBXProject section */
		17A2FBB6270BA2BD00EBB392 /* Project object */ = {
			isa = PBXProject;
			attributes = {
				BuildIndependentTargetsInParallel = 1;
				LastSwiftUpdateCheck = 1300;
				LastUpgradeCheck = 1300;
				TargetAttributes = {
					17A2FBBD270BA2BD00EBB392 = {
						CreatedOnToolsVersion = 13.0;
					};
				};
			};
			buildConfigurationList = 17A2FBB9270BA2BD00EBB392 /* Build configuration list for PBXProject "PlaySwap" */;
			compatibilityVersion = "Xcode 13.0";
			developmentRegion = en;
			hasScannedForEncodings = 0;
			knownRegions = (
				en,
				Base,
			);
			mainGroup = 17A2FBB5270BA2BD00EBB392;
			packageReferences = (
				1756F18C270BC63C00529C0D /* XCRemoteSwiftPackageReference "SpotifyAPI" */,
			);
			productRefGroup = 17A2FBBF270BA2BD00EBB392 /* Products */;
			projectDirPath = "";
			projectRoot = "";
			targets = (
				17A2FBBD270BA2BD00EBB392 /* PlaySwap */,
			);
		};
/* End PBXProject section */

/* Begin PBXResourcesBuildPhase section */
		17A2FBBC270BA2BD00EBB392 /* Resources */ = {
			isa = PBXResourcesBuildPhase;
			buildActionMask = 2147483647;
			files = (
				177D74CB270E3C8E00A21652 /* Mobile_Web_BG.m4v in Resources */,
				17A2FBCE270BA2BF00EBB392 /* LaunchScreen.storyboard in Resources */,
				17A2FBD7270BA5F200EBB392 /* itunes.png in Resources */,
				17A2FBCB270BA2BF00EBB392 /* Assets.xcassets in Resources */,
				177D74CE270E63DE00A21652 /* Hypermarket W00 Regular.ttf in Resources */,
				177D74D0270E679500A21652 /* spotify.png in Resources */,
				17A2FBC9270BA2BD00EBB392 /* Main.storyboard in Resources */,
			);
			runOnlyForDeploymentPostprocessing = 0;
		};
/* End PBXResourcesBuildPhase section */

/* Begin PBXShellScriptBuildPhase section */
		78269353388AD21099103399 /* [CP] Embed Pods Frameworks */ = {
			isa = PBXShellScriptBuildPhase;
			buildActionMask = 2147483647;
			files = (
			);
			inputFileListPaths = (
				"${PODS_ROOT}/Target Support Files/Pods-PlaySwap/Pods-PlaySwap-frameworks-${CONFIGURATION}-input-files.xcfilelist",
			);
			name = "[CP] Embed Pods Frameworks";
			outputFileListPaths = (
				"${PODS_ROOT}/Target Support Files/Pods-PlaySwap/Pods-PlaySwap-frameworks-${CONFIGURATION}-output-files.xcfilelist",
			);
			runOnlyForDeploymentPostprocessing = 0;
			shellPath = /bin/sh;
			shellScript = "\"${PODS_ROOT}/Target Support Files/Pods-PlaySwap/Pods-PlaySwap-frameworks.sh\"\n";
			showEnvVarsInLog = 0;
		};
		ED48568FED86CDBBFE3D7B16 /* [CP] Check Pods Manifest.lock */ = {
			isa = PBXShellScriptBuildPhase;
			buildActionMask = 2147483647;
			files = (
			);
			inputFileListPaths = (
			);
			inputPaths = (
				"${PODS_PODFILE_DIR_PATH}/Podfile.lock",
				"${PODS_ROOT}/Manifest.lock",
			);
			name = "[CP] Check Pods Manifest.lock";
			outputFileListPaths = (
			);
			outputPaths = (
				"$(DERIVED_FILE_DIR)/Pods-PlaySwap-checkManifestLockResult.txt",
			);
			runOnlyForDeploymentPostprocessing = 0;
			shellPath = /bin/sh;
			shellScript = "diff \"${PODS_PODFILE_DIR_PATH}/Podfile.lock\" \"${PODS_ROOT}/Manifest.lock\" > /dev/null\nif [ $? != 0 ] ; then\n    # print error to STDERR\n    echo \"error: The sandbox is not in sync with the Podfile.lock. Run 'pod install' or update your CocoaPods installation.\" >&2\n    exit 1\nfi\n# This output is used by Xcode 'outputs' to avoid re-running this script phase.\necho \"SUCCESS\" > \"${SCRIPT_OUTPUT_FILE_0}\"\n";
			showEnvVarsInLog = 0;
		};
/* End PBXShellScriptBuildPhase section */

/* Begin PBXSourcesBuildPhase section */
		17A2FBBA270BA2BD00EBB392 /* Sources */ = {
			isa = PBXSourcesBuildPhase;
			buildActionMask = 2147483647;
			files = (
				171B8BAA2716396900DB0AA3 /* AppleMusicAPI.swift in Sources */,
				17A2FBC6270BA2BD00EBB392 /* ViewController.swift in Sources */,
				17A2FBC2270BA2BD00EBB392 /* AppDelegate.swift in Sources */,
				171B8BAC271639B400DB0AA3 /* SwiftyJSON.swift in Sources */,
				173317BB270BEB88007523D7 /* Spotify.swift in Sources */,
				17A2FBC4270BA2BD00EBB392 /* SceneDelegate.swift in Sources */,
			);
			runOnlyForDeploymentPostprocessing = 0;
		};
/* End PBXSourcesBuildPhase section */

/* Begin PBXVariantGroup section */
		17A2FBC7270BA2BD00EBB392 /* Main.storyboard */ = {
			isa = PBXVariantGroup;
			children = (
				17A2FBC8270BA2BD00EBB392 /* Base */,
			);
			name = Main.storyboard;
			sourceTree = "<group>";
		};
		17A2FBCC270BA2BF00EBB392 /* LaunchScreen.storyboard */ = {
			isa = PBXVariantGroup;
			children = (
				17A2FBCD270BA2BF00EBB392 /* Base */,
			);
			name = LaunchScreen.storyboard;
			sourceTree = "<group>";
		};
/* End PBXVariantGroup section */

/* Begin XCBuildConfiguration section */
		17A2FBD0270BA2BF00EBB392 /* Debug */ = {
			isa = XCBuildConfiguration;
			buildSettings = {
				ALWAYS_SEARCH_USER_PATHS = NO;
				CLANG_ANALYZER_NONNULL = YES;
				CLANG_ANALYZER_NUMBER_OBJECT_CONVERSION = YES_AGGRESSIVE;
				CLANG_CXX_LANGUAGE_STANDARD = "gnu++17";
				CLANG_CXX_LIBRARY = "libc++";
				CLANG_ENABLE_MODULES = YES;
				CLANG_ENABLE_OBJC_ARC = YES;
				CLANG_ENABLE_OBJC_WEAK = YES;
				CLANG_WARN_BLOCK_CAPTURE_AUTORELEASING = YES;
				CLANG_WARN_BOOL_CONVERSION = YES;
				CLANG_WARN_COMMA = YES;
				CLANG_WARN_CONSTANT_CONVERSION = YES;
				CLANG_WARN_DEPRECATED_OBJC_IMPLEMENTATIONS = YES;
				CLANG_WARN_DIRECT_OBJC_ISA_USAGE = YES_ERROR;
				CLANG_WARN_DOCUMENTATION_COMMENTS = YES;
				CLANG_WARN_EMPTY_BODY = YES;
				CLANG_WARN_ENUM_CONVERSION = YES;
				CLANG_WARN_INFINITE_RECURSION = YES;
				CLANG_WARN_INT_CONVERSION = YES;
				CLANG_WARN_NON_LITERAL_NULL_CONVERSION = YES;
				CLANG_WARN_OBJC_IMPLICIT_RETAIN_SELF = YES;
				CLANG_WARN_OBJC_LITERAL_CONVERSION = YES;
				CLANG_WARN_OBJC_ROOT_CLASS = YES_ERROR;
				CLANG_WARN_QUOTED_INCLUDE_IN_FRAMEWORK_HEADER = YES;
				CLANG_WARN_RANGE_LOOP_ANALYSIS = YES;
				CLANG_WARN_STRICT_PROTOTYPES = YES;
				CLANG_WARN_SUSPICIOUS_MOVE = YES;
				CLANG_WARN_UNGUARDED_AVAILABILITY = YES_AGGRESSIVE;
				CLANG_WARN_UNREACHABLE_CODE = YES;
				CLANG_WARN__DUPLICATE_METHOD_MATCH = YES;
				COPY_PHASE_STRIP = NO;
				DEBUG_INFORMATION_FORMAT = dwarf;
				ENABLE_STRICT_OBJC_MSGSEND = YES;
				ENABLE_TESTABILITY = YES;
				GCC_C_LANGUAGE_STANDARD = gnu11;
				GCC_DYNAMIC_NO_PIC = NO;
				GCC_NO_COMMON_BLOCKS = YES;
				GCC_OPTIMIZATION_LEVEL = 0;
				GCC_PREPROCESSOR_DEFINITIONS = (
					"DEBUG=1",
					"$(inherited)",
				);
				GCC_WARN_64_TO_32_BIT_CONVERSION = YES;
				GCC_WARN_ABOUT_RETURN_TYPE = YES_ERROR;
				GCC_WARN_UNDECLARED_SELECTOR = YES;
				GCC_WARN_UNINITIALIZED_AUTOS = YES_AGGRESSIVE;
				GCC_WARN_UNUSED_FUNCTION = YES;
				GCC_WARN_UNUSED_VARIABLE = YES;
				IPHONEOS_DEPLOYMENT_TARGET = 15.0;
				MTL_ENABLE_DEBUG_INFO = INCLUDE_SOURCE;
				MTL_FAST_MATH = YES;
				ONLY_ACTIVE_ARCH = YES;
				SDKROOT = iphoneos;
				SWIFT_ACTIVE_COMPILATION_CONDITIONS = DEBUG;
				SWIFT_OPTIMIZATION_LEVEL = "-Onone";
			};
			name = Debug;
		};
		17A2FBD1270BA2BF00EBB392 /* Release */ = {
			isa = XCBuildConfiguration;
			buildSettings = {
				ALWAYS_SEARCH_USER_PATHS = NO;
				CLANG_ANALYZER_NONNULL = YES;
				CLANG_ANALYZER_NUMBER_OBJECT_CONVERSION = YES_AGGRESSIVE;
				CLANG_CXX_LANGUAGE_STANDARD = "gnu++17";
				CLANG_CXX_LIBRARY = "libc++";
				CLANG_ENABLE_MODULES = YES;
				CLANG_ENABLE_OBJC_ARC = YES;
				CLANG_ENABLE_OBJC_WEAK = YES;
				CLANG_WARN_BLOCK_CAPTURE_AUTORELEASING = YES;
				CLANG_WARN_BOOL_CONVERSION = YES;
				CLANG_WARN_COMMA = YES;
				CLANG_WARN_CONSTANT_CONVERSION = YES;
				CLANG_WARN_DEPRECATED_OBJC_IMPLEMENTATIONS = YES;
				CLANG_WARN_DIRECT_OBJC_ISA_USAGE = YES_ERROR;
				CLANG_WARN_DOCUMENTATION_COMMENTS = YES;
				CLANG_WARN_EMPTY_BODY = YES;
				CLANG_WARN_ENUM_CONVERSION = YES;
				CLANG_WARN_INFINITE_RECURSION = YES;
				CLANG_WARN_INT_CONVERSION = YES;
				CLANG_WARN_NON_LITERAL_NULL_CONVERSION = YES;
				CLANG_WARN_OBJC_IMPLICIT_RETAIN_SELF = YES;
				CLANG_WARN_OBJC_LITERAL_CONVERSION = YES;
				CLANG_WARN_OBJC_ROOT_CLASS = YES_ERROR;
				CLANG_WARN_QUOTED_INCLUDE_IN_FRAMEWORK_HEADER = YES;
				CLANG_WARN_RANGE_LOOP_ANALYSIS = YES;
				CLANG_WARN_STRICT_PROTOTYPES = YES;
				CLANG_WARN_SUSPICIOUS_MOVE = YES;
				CLANG_WARN_UNGUARDED_AVAILABILITY = YES_AGGRESSIVE;
				CLANG_WARN_UNREACHABLE_CODE = YES;
				CLANG_WARN__DUPLICATE_METHOD_MATCH = YES;
				COPY_PHASE_STRIP = NO;
				DEBUG_INFORMATION_FORMAT = "dwarf-with-dsym";
				ENABLE_NS_ASSERTIONS = NO;
				ENABLE_STRICT_OBJC_MSGSEND = YES;
				GCC_C_LANGUAGE_STANDARD = gnu11;
				GCC_NO_COMMON_BLOCKS = YES;
				GCC_WARN_64_TO_32_BIT_CONVERSION = YES;
				GCC_WARN_ABOUT_RETURN_TYPE = YES_ERROR;
				GCC_WARN_UNDECLARED_SELECTOR = YES;
				GCC_WARN_UNINITIALIZED_AUTOS = YES_AGGRESSIVE;
				GCC_WARN_UNUSED_FUNCTION = YES;
				GCC_WARN_UNUSED_VARIABLE = YES;
				IPHONEOS_DEPLOYMENT_TARGET = 15.0;
				MTL_ENABLE_DEBUG_INFO = NO;
				MTL_FAST_MATH = YES;
				SDKROOT = iphoneos;
				SWIFT_COMPILATION_MODE = wholemodule;
				SWIFT_OPTIMIZATION_LEVEL = "-O";
				VALIDATE_PRODUCT = YES;
			};
			name = Release;
		};
		17A2FBD3270BA2BF00EBB392 /* Debug */ = {
			isa = XCBuildConfiguration;
			baseConfigurationReference = 71D249A4AB4466BC0704AD1D /* Pods-PlaySwap.debug.xcconfig */;
			buildSettings = {
				ASSETCATALOG_COMPILER_APPICON_NAME = AppIcon;
				ASSETCATALOG_COMPILER_GLOBAL_ACCENT_COLOR_NAME = AccentColor;
				ASSETCATALOG_COMPILER_INCLUDE_ALL_APPICON_ASSETS = YES;
				CODE_SIGN_ENTITLEMENTS = PlaySwap/PlaySwap.entitlements;
				CODE_SIGN_STYLE = Automatic;
				CURRENT_PROJECT_VERSION = 1;
				DEVELOPMENT_TEAM = N8TNX3HXH8;
				GENERATE_INFOPLIST_FILE = YES;
				INFOPLIST_FILE = PlaySwap/Info.plist;
				INFOPLIST_KEY_NSAppleMusicUsageDescription = "In order to transfer playlist(s) to apple music we need temporary access to the service";
				INFOPLIST_KEY_UIApplicationSupportsIndirectInputEvents = YES;
				INFOPLIST_KEY_UILaunchStoryboardName = LaunchScreen;
				INFOPLIST_KEY_UIMainStoryboardFile = Main;
				INFOPLIST_KEY_UISupportedInterfaceOrientations = UIInterfaceOrientationPortrait;
				INFOPLIST_KEY_UISupportedInterfaceOrientations_iPad = "UIInterfaceOrientationPortrait UIInterfaceOrientationPortraitUpsideDown UIInterfaceOrientationLandscapeLeft UIInterfaceOrientationLandscapeRight";
				INFOPLIST_KEY_UISupportedInterfaceOrientations_iPhone = "UIInterfaceOrientationPortrait UIInterfaceOrientationLandscapeLeft UIInterfaceOrientationLandscapeRight";
				LD_RUNPATH_SEARCH_PATHS = (
					"$(inherited)",
					"@executable_path/Frameworks",
				);
				MARKETING_VERSION = 1.0;
				PRODUCT_BUNDLE_IDENTIFIER = com.compscihotties.ps.PlaySwapwhitestraightmale;
				PRODUCT_NAME = "$(TARGET_NAME)";
				SWIFT_EMIT_LOC_STRINGS = YES;
				SWIFT_VERSION = 5.0;
				TARGETED_DEVICE_FAMILY = "1,2";
			};
			name = Debug;
		};
		17A2FBD4270BA2BF00EBB392 /* Release */ = {
			isa = XCBuildConfiguration;
			baseConfigurationReference = C7C2D12D98C7B7938B84FAC5 /* Pods-PlaySwap.release.xcconfig */;
			buildSettings = {
				ASSETCATALOG_COMPILER_APPICON_NAME = AppIcon;
				ASSETCATALOG_COMPILER_GLOBAL_ACCENT_COLOR_NAME = AccentColor;
				ASSETCATALOG_COMPILER_INCLUDE_ALL_APPICON_ASSETS = YES;
				CODE_SIGN_ENTITLEMENTS = PlaySwap/PlaySwap.entitlements;
				CODE_SIGN_STYLE = Automatic;
				CURRENT_PROJECT_VERSION = 1;
				DEVELOPMENT_TEAM = N8TNX3HXH8;
				GENERATE_INFOPLIST_FILE = YES;
				INFOPLIST_FILE = PlaySwap/Info.plist;
				INFOPLIST_KEY_NSAppleMusicUsageDescription = "In order to transfer playlist(s) to apple music we need temporary access to the service";
				INFOPLIST_KEY_UIApplicationSupportsIndirectInputEvents = YES;
				INFOPLIST_KEY_UILaunchStoryboardName = LaunchScreen;
				INFOPLIST_KEY_UIMainStoryboardFile = Main;
				INFOPLIST_KEY_UISupportedInterfaceOrientations = UIInterfaceOrientationPortrait;
				INFOPLIST_KEY_UISupportedInterfaceOrientations_iPad = "UIInterfaceOrientationPortrait UIInterfaceOrientationPortraitUpsideDown UIInterfaceOrientationLandscapeLeft UIInterfaceOrientationLandscapeRight";
				INFOPLIST_KEY_UISupportedInterfaceOrientations_iPhone = "UIInterfaceOrientationPortrait UIInterfaceOrientationLandscapeLeft UIInterfaceOrientationLandscapeRight";
				LD_RUNPATH_SEARCH_PATHS = (
					"$(inherited)",
					"@executable_path/Frameworks",
				);
				MARKETING_VERSION = 1.0;
				PRODUCT_BUNDLE_IDENTIFIER = com.compscihotties.ps.PlaySwapwhitestraightmale;
				PRODUCT_NAME = "$(TARGET_NAME)";
				SWIFT_EMIT_LOC_STRINGS = YES;
				SWIFT_VERSION = 5.0;
				TARGETED_DEVICE_FAMILY = "1,2";
			};
			name = Release;
		};
/* End XCBuildConfiguration section */

/* Begin XCConfigurationList section */
		17A2FBB9270BA2BD00EBB392 /* Build configuration list for PBXProject "PlaySwap" */ = {
			isa = XCConfigurationList;
			buildConfigurations = (
				17A2FBD0270BA2BF00EBB392 /* Debug */,
				17A2FBD1270BA2BF00EBB392 /* Release */,
			);
			defaultConfigurationIsVisible = 0;
			defaultConfigurationName = Release;
		};
		17A2FBD2270BA2BF00EBB392 /* Build configuration list for PBXNativeTarget "PlaySwap" */ = {
			isa = XCConfigurationList;
			buildConfigurations = (
				17A2FBD3270BA2BF00EBB392 /* Debug */,
				17A2FBD4270BA2BF00EBB392 /* Release */,
			);
			defaultConfigurationIsVisible = 0;
			defaultConfigurationName = Release;
		};
/* End XCConfigurationList section */

/* Begin XCRemoteSwiftPackageReference section */
		1756F18C270BC63C00529C0D /* XCRemoteSwiftPackageReference "SpotifyAPI" */ = {
			isa = XCRemoteSwiftPackageReference;
			repositoryURL = "https://github.com/Peter-Schorn/SpotifyAPI.git";
			requirement = {
				kind = upToNextMajorVersion;
				minimumVersion = 2.0.0;
			};
		};
/* End XCRemoteSwiftPackageReference section */

/* Begin XCSwiftPackageProductDependency section */
		1756F18D270BC63C00529C0D /* SpotifyAPI */ = {
			isa = XCSwiftPackageProductDependency;
			package = 1756F18C270BC63C00529C0D /* XCRemoteSwiftPackageReference "SpotifyAPI" */;
			productName = SpotifyAPI;
		};
/* End XCSwiftPackageProductDependency section */
	};
	rootObject = 17A2FBB6270BA2BD00EBB392 /* Project object */;
}
